// !$*UTF8*$!
{
	archiveVersion = 1;
	classes = {
	};
	objectVersion = 56;
	objects = {

/* Begin PBXBuildFile section */
		56C478702DFB80F6001E91B4 /* hapticstestApp.swift in Sources */ = {isa = PBXBuildFile; fileRef = 56C4786F2DFB80F6001E91B4 /* hapticstestApp.swift */; };
		56C478722DFB80F6001E91B4 /* ContentView.swift in Sources */ = {isa = PBXBuildFile; fileRef = 56C478712DFB80F6001E91B4 /* ContentView.swift */; };
		56C478742DFB80F8001E91B4 /* Assets.xcassets in Resources */ = {isa = PBXBuildFile; fileRef = 56C478732DFB80F8001E91B4 /* Assets.xcassets */; };
		56C478772DFB80F8001E91B4 /* Preview Assets.xcassets in Resources */ = {isa = PBXBuildFile; fileRef = 56C478762DFB80F8001E91B4 /* Preview Assets.xcassets */; };
		56C478812DFB80F8001E91B4 /* hapticstestTests.swift in Sources */ = {isa = PBXBuildFile; fileRef = 56C478802DFB80F8001E91B4 /* hapticstestTests.swift */; };
		56C4788B2DFB80F8001E91B4 /* hapticstestUITests.swift in Sources */ = {isa = PBXBuildFile; fileRef = 56C4788A2DFB80F8001E91B4 /* hapticstestUITests.swift */; };
		56C4788D2DFB80F8001E91B4 /* hapticstestUITestsLaunchTests.swift in Sources */ = {isa = PBXBuildFile; fileRef = 56C4788C2DFB80F8001E91B4 /* hapticstestUITestsLaunchTests.swift */; };
/* End PBXBuildFile section */

/* Begin PBXContainerItemProxy section */
		56C4787D2DFB80F8001E91B4 /* PBXContainerItemProxy */ = {
			isa = PBXContainerItemProxy;
			containerPortal = 56C478642DFB80F6001E91B4 /* Project object */;
			proxyType = 1;
			remoteGlobalIDString = 56C4786B2DFB80F6001E91B4;
			remoteInfo = hapticstest;
		};
		56C478872DFB80F8001E91B4 /* PBXContainerItemProxy */ = {
			isa = PBXContainerItemProxy;
			containerPortal = 56C478642DFB80F6001E91B4 /* Project object */;
			proxyType = 1;
			remoteGlobalIDString = 56C4786B2DFB80F6001E91B4;
			remoteInfo = hapticstest;
		};
/* End PBXContainerItemProxy section */

/* Begin PBXFileReference section */
		56C4786C2DFB80F6001E91B4 /* hapticstest.app */ = {isa = PBXFileReference; explicitFileType = wrapper.application; includeInIndex = 0; path = hapticstest.app; sourceTree = BUILT_PRODUCTS_DIR; };
		56C4786F2DFB80F6001E91B4 /* hapticstestApp.swift */ = {isa = PBXFileReference; lastKnownFileType = sourcecode.swift; path = hapticstestApp.swift; sourceTree = "<group>"; };
		56C478712DFB80F6001E91B4 /* ContentView.swift */ = {isa = PBXFileReference; lastKnownFileType = sourcecode.swift; path = ContentView.swift; sourceTree = "<group>"; };
		56C478732DFB80F8001E91B4 /* Assets.xcassets */ = {isa = PBXFileReference; lastKnownFileType = folder.assetcatalog; path = Assets.xcassets; sourceTree = "<group>"; };
		56C478762DFB80F8001E91B4 /* Preview Assets.xcassets */ = {isa = PBXFileReference; lastKnownFileType = folder.assetcatalog; path = "Preview Assets.xcassets"; sourceTree = "<group>"; };
		56C4787C2DFB80F8001E91B4 /* hapticstestTests.xctest */ = {isa = PBXFileReference; explicitFileType = wrapper.cfbundle; includeInIndex = 0; path = hapticstestTests.xctest; sourceTree = BUILT_PRODUCTS_DIR; };
		56C478802DFB80F8001E91B4 /* hapticstestTests.swift */ = {isa = PBXFileReference; lastKnownFileType = sourcecode.swift; path = hapticstestTests.swift; sourceTree = "<group>"; };
		56C478862DFB80F8001E91B4 /* hapticstestUITests.xctest */ = {isa = PBXFileReference; explicitFileType = wrapper.cfbundle; includeInIndex = 0; path = hapticstestUITests.xctest; sourceTree = BUILT_PRODUCTS_DIR; };
		56C4788A2DFB80F8001E91B4 /* hapticstestUITests.swift */ = {isa = PBXFileReference; lastKnownFileType = sourcecode.swift; path = hapticstestUITests.swift; sourceTree = "<group>"; };
		56C4788C2DFB80F8001E91B4 /* hapticstestUITestsLaunchTests.swift */ = {isa = PBXFileReference; lastKnownFileType = sourcecode.swift; path = hapticstestUITestsLaunchTests.swift; sourceTree = "<group>"; };
/* End PBXFileReference section */

/* Begin PBXFrameworksBuildPhase section */
		56C478692DFB80F6001E91B4 /* Frameworks */ = {
			isa = PBXFrameworksBuildPhase;
			buildActionMask = 2147483647;
			files = (
			);
			runOnlyForDeploymentPostprocessing = 0;
		};
		56C478792DFB80F8001E91B4 /* Frameworks */ = {
			isa = PBXFrameworksBuildPhase;
			buildActionMask = 2147483647;
			files = (
			);
			runOnlyForDeploymentPostprocessing = 0;
		};
		56C478832DFB80F8001E91B4 /* Frameworks */ = {
			isa = PBXFrameworksBuildPhase;
			buildActionMask = 2147483647;
			files = (
			);
			runOnlyForDeploymentPostprocessing = 0;
		};
/* End PBXFrameworksBuildPhase section */

/* Begin PBXGroup section */
		56C478632DFB80F6001E91B4 = {
			isa = PBXGroup;
			children = (
				56C4786E2DFB80F6001E91B4 /* hapticstest */,
				56C4787F2DFB80F8001E91B4 /* hapticstestTests */,
				56C478892DFB80F8001E91B4 /* hapticstestUITests */,
				56C4786D2DFB80F6001E91B4 /* Products */,
			);
			sourceTree = "<group>";
		};
		56C4786D2DFB80F6001E91B4 /* Products */ = {
			isa = PBXGroup;
			children = (
				56C4786C2DFB80F6001E91B4 /* hapticstest.app */,
				56C4787C2DFB80F8001E91B4 /* hapticstestTests.xctest */,
				56C478862DFB80F8001E91B4 /* hapticstestUITests.xctest */,
			);
			name = Products;
			sourceTree = "<group>";
		};
		56C4786E2DFB80F6001E91B4 /* hapticstest */ = {
			isa = PBXGroup;
			children = (
				56C4786F2DFB80F6001E91B4 /* hapticstestApp.swift */,
				56C478712DFB80F6001E91B4 /* ContentView.swift */,
				56C478732DFB80F8001E91B4 /* Assets.xcassets */,
				56C478752DFB80F8001E91B4 /* Preview Content */,
			);
			path = hapticstest;
			sourceTree = "<group>";
		};
		56C478752DFB80F8001E91B4 /* Preview Content */ = {
			isa = PBXGroup;
			children = (
				56C478762DFB80F8001E91B4 /* Preview Assets.xcassets */,
			);
			path = "Preview Content";
			sourceTree = "<group>";
		};
		56C4787F2DFB80F8001E91B4 /* hapticstestTests */ = {
			isa = PBXGroup;
			children = (
				56C478802DFB80F8001E91B4 /* hapticstestTests.swift */,
			);
			path = hapticstestTests;
			sourceTree = "<group>";
		};
		56C478892DFB80F8001E91B4 /* hapticstestUITests */ = {
			isa = PBXGroup;
			children = (
				56C4788A2DFB80F8001E91B4 /* hapticstestUITests.swift */,
				56C4788C2DFB80F8001E91B4 /* hapticstestUITestsLaunchTests.swift */,
			);
			path = hapticstestUITests;
			sourceTree = "<group>";
		};
/* End PBXGroup section */

/* Begin PBXNativeTarget section */
		56C4786B2DFB80F6001E91B4 /* hapticstest */ = {
			isa = PBXNativeTarget;
			buildConfigurationList = 56C478902DFB80F8001E91B4 /* Build configuration list for PBXNativeTarget "hapticstest" */;
			buildPhases = (
				56C478682DFB80F6001E91B4 /* Sources */,
				56C478692DFB80F6001E91B4 /* Frameworks */,
				56C4786A2DFB80F6001E91B4 /* Resources */,
			);
			buildRules = (
			);
			dependencies = (
			);
			name = hapticstest;
			productName = hapticstest;
			productReference = 56C4786C2DFB80F6001E91B4 /* hapticstest.app */;
			productType = "com.apple.product-type.application";
		};
		56C4787B2DFB80F8001E91B4 /* hapticstestTests */ = {
			isa = PBXNativeTarget;
			buildConfigurationList = 56C478932DFB80F8001E91B4 /* Build configuration list for PBXNativeTarget "hapticstestTests" */;
			buildPhases = (
				56C478782DFB80F8001E91B4 /* Sources */,
				56C478792DFB80F8001E91B4 /* Frameworks */,
				56C4787A2DFB80F8001E91B4 /* Resources */,
			);
			buildRules = (
			);
			dependencies = (
				56C4787E2DFB80F8001E91B4 /* PBXTargetDependency */,
			);
			name = hapticstestTests;
			productName = hapticstestTests;
			productReference = 56C4787C2DFB80F8001E91B4 /* hapticstestTests.xctest */;
			productType = "com.apple.product-type.bundle.unit-test";
		};
		56C478852DFB80F8001E91B4 /* hapticstestUITests */ = {
			isa = PBXNativeTarget;
			buildConfigurationList = 56C478962DFB80F8001E91B4 /* Build configuration list for PBXNativeTarget "hapticstestUITests" */;
			buildPhases = (
				56C478822DFB80F8001E91B4 /* Sources */,
				56C478832DFB80F8001E91B4 /* Frameworks */,
				56C478842DFB80F8001E91B4 /* Resources */,
			);
			buildRules = (
			);
			dependencies = (
				56C478882DFB80F8001E91B4 /* PBXTargetDependency */,
			);
			name = hapticstestUITests;
			productName = hapticstestUITests;
			productReference = 56C478862DFB80F8001E91B4 /* hapticstestUITests.xctest */;
			productType = "com.apple.product-type.bundle.ui-testing";
		};
/* End PBXNativeTarget section */

/* Begin PBXProject section */
		56C478642DFB80F6001E91B4 /* Project object */ = {
			isa = PBXProject;
			attributes = {
				BuildIndependentTargetsInParallel = 1;
				LastSwiftUpdateCheck = 1540;
				LastUpgradeCheck = 1540;
				TargetAttributes = {
					56C4786B2DFB80F6001E91B4 = {
						CreatedOnToolsVersion = 15.4;
					};
					56C4787B2DFB80F8001E91B4 = {
						CreatedOnToolsVersion = 15.4;
						TestTargetID = 56C4786B2DFB80F6001E91B4;
					};
					56C478852DFB80F8001E91B4 = {
						CreatedOnToolsVersion = 15.4;
						TestTargetID = 56C4786B2DFB80F6001E91B4;
					};
				};
			};
			buildConfigurationList = 56C478672DFB80F6001E91B4 /* Build configuration list for PBXProject "hapticstest" */;
			compatibilityVersion = "Xcode 14.0";
			developmentRegion = en;
			hasScannedForEncodings = 0;
			knownRegions = (
				en,
				Base,
			);
			mainGroup = 56C478632DFB80F6001E91B4;
			productRefGroup = 56C4786D2DFB80F6001E91B4 /* Products */;
			projectDirPath = "";
			projectRoot = "";
			targets = (
				56C4786B2DFB80F6001E91B4 /* hapticstest */,
				56C4787B2DFB80F8001E91B4 /* hapticstestTests */,
				56C478852DFB80F8001E91B4 /* hapticstestUITests */,
			);
		};
/* End PBXProject section */

/* Begin PBXResourcesBuildPhase section */
		56C4786A2DFB80F6001E91B4 /* Resources */ = {
			isa = PBXResourcesBuildPhase;
			buildActionMask = 2147483647;
			files = (
				56C478772DFB80F8001E91B4 /* Preview Assets.xcassets in Resources */,
				56C478742DFB80F8001E91B4 /* Assets.xcassets in Resources */,
			);
			runOnlyForDeploymentPostprocessing = 0;
		};
		56C4787A2DFB80F8001E91B4 /* Resources */ = {
			isa = PBXResourcesBuildPhase;
			buildActionMask = 2147483647;
			files = (
			);
			runOnlyForDeploymentPostprocessing = 0;
		};
		56C478842DFB80F8001E91B4 /* Resources */ = {
			isa = PBXResourcesBuildPhase;
			buildActionMask = 2147483647;
			files = (
			);
			runOnlyForDeploymentPostprocessing = 0;
		};
/* End PBXResourcesBuildPhase section */

/* Begin PBXSourcesBuildPhase section */
		56C478682DFB80F6001E91B4 /* Sources */ = {
			isa = PBXSourcesBuildPhase;
			buildActionMask = 2147483647;
			files = (
				56C478722DFB80F6001E91B4 /* ContentView.swift in Sources */,
				56C478702DFB80F6001E91B4 /* hapticstestApp.swift in Sources */,
			);
			runOnlyForDeploymentPostprocessing = 0;
		};
		56C478782DFB80F8001E91B4 /* Sources */ = {
			isa = PBXSourcesBuildPhase;
			buildActionMask = 2147483647;
			files = (
				56C478812DFB80F8001E91B4 /* hapticstestTests.swift in Sources */,
			);
			runOnlyForDeploymentPostprocessing = 0;
		};
		56C478822DFB80F8001E91B4 /* Sources */ = {
			isa = PBXSourcesBuildPhase;
			buildActionMask = 2147483647;
			files = (
				56C4788B2DFB80F8001E91B4 /* hapticstestUITests.swift in Sources */,
				56C4788D2DFB80F8001E91B4 /* hapticstestUITestsLaunchTests.swift in Sources */,
			);
			runOnlyForDeploymentPostprocessing = 0;
		};
/* End PBXSourcesBuildPhase section */

/* Begin PBXTargetDependency section */
		56C4787E2DFB80F8001E91B4 /* PBXTargetDependency */ = {
			isa = PBXTargetDependency;
			target = 56C4786B2DFB80F6001E91B4 /* hapticstest */;
			targetProxy = 56C4787D2DFB80F8001E91B4 /* PBXContainerItemProxy */;
		};
		56C478882DFB80F8001E91B4 /* PBXTargetDependency */ = {
			isa = PBXTargetDependency;
			target = 56C4786B2DFB80F6001E91B4 /* hapticstest */;
			targetProxy = 56C478872DFB80F8001E91B4 /* PBXContainerItemProxy */;
		};
/* End PBXTargetDependency section */

/* Begin XCBuildConfiguration section */
		56C4788E2DFB80F8001E91B4 /* Debug */ = {
			isa = XCBuildConfiguration;
			buildSettings = {
				ALWAYS_SEARCH_USER_PATHS = NO;
				ASSETCATALOG_COMPILER_GENERATE_SWIFT_ASSET_SYMBOL_EXTENSIONS = YES;
				CLANG_ANALYZER_NONNULL = YES;
				CLANG_ANALYZER_NUMBER_OBJECT_CONVERSION = YES_AGGRESSIVE;
				CLANG_CXX_LANGUAGE_STANDARD = "gnu++20";
				CLANG_ENABLE_MODULES = YES;
				CLANG_ENABLE_OBJC_ARC = YES;
				CLANG_ENABLE_OBJC_WEAK = YES;
				CLANG_WARN_BLOCK_CAPTURE_AUTORELEASING = YES;
				CLANG_WARN_BOOL_CONVERSION = YES;
				CLANG_WARN_COMMA = YES;
				CLANG_WARN_CONSTANT_CONVERSION = YES;
				CLANG_WARN_DEPRECATED_OBJC_IMPLEMENTATIONS = YES;
				CLANG_WARN_DIRECT_OBJC_ISA_USAGE = YES_ERROR;
				CLANG_WARN_DOCUMENTATION_COMMENTS = YES;
				CLANG_WARN_EMPTY_BODY = YES;
				CLANG_WARN_ENUM_CONVERSION = YES;
				CLANG_WARN_INFINITE_RECURSION = YES;
				CLANG_WARN_INT_CONVERSION = YES;
				CLANG_WARN_NON_LITERAL_NULL_CONVERSION = YES;
				CLANG_WARN_OBJC_IMPLICIT_RETAIN_SELF = YES;
				CLANG_WARN_OBJC_LITERAL_CONVERSION = YES;
				CLANG_WARN_OBJC_ROOT_CLASS = YES_ERROR;
				CLANG_WARN_QUOTED_INCLUDE_IN_FRAMEWORK_HEADER = YES;
				CLANG_WARN_RANGE_LOOP_ANALYSIS = YES;
				CLANG_WARN_STRICT_PROTOTYPES = YES;
				CLANG_WARN_SUSPICIOUS_MOVE = YES;
				CLANG_WARN_UNGUARDED_AVAILABILITY = YES_AGGRESSIVE;
				CLANG_WARN_UNREACHABLE_CODE = YES;
				CLANG_WARN__DUPLICATE_METHOD_MATCH = YES;
				COPY_PHASE_STRIP = NO;
				DEBUG_INFORMATION_FORMAT = dwarf;
				ENABLE_STRICT_OBJC_MSGSEND = YES;
				ENABLE_TESTABILITY = YES;
				ENABLE_USER_SCRIPT_SANDBOXING = YES;
				GCC_C_LANGUAGE_STANDARD = gnu17;
				GCC_DYNAMIC_NO_PIC = NO;
				GCC_NO_COMMON_BLOCKS = YES;
				GCC_OPTIMIZATION_LEVEL = 0;
				GCC_PREPROCESSOR_DEFINITIONS = (
					"DEBUG=1",
					"$(inherited)",
				);
				GCC_WARN_64_TO_32_BIT_CONVERSION = YES;
				GCC_WARN_ABOUT_RETURN_TYPE = YES_ERROR;
				GCC_WARN_UNDECLARED_SELECTOR = YES;
				GCC_WARN_UNINITIALIZED_AUTOS = YES_AGGRESSIVE;
				GCC_WARN_UNUSED_FUNCTION = YES;
				GCC_WARN_UNUSED_VARIABLE = YES;
				IPHONEOS_DEPLOYMENT_TARGET = 17.5;
				LOCALIZATION_PREFERS_STRING_CATALOGS = YES;
				MTL_ENABLE_DEBUG_INFO = INCLUDE_SOURCE;
				MTL_FAST_MATH = YES;
				ONLY_ACTIVE_ARCH = YES;
				SDKROOT = iphoneos;
				SWIFT_ACTIVE_COMPILATION_CONDITIONS = "DEBUG $(inherited)";
				SWIFT_OPTIMIZATION_LEVEL = "-Onone";
			};
			name = Debug;
		};
		56C4788F2DFB80F8001E91B4 /* Release */ = {
			isa = XCBuildConfiguration;
			buildSettings = {
				ALWAYS_SEARCH_USER_PATHS = NO;
				ASSETCATALOG_COMPILER_GENERATE_SWIFT_ASSET_SYMBOL_EXTENSIONS = YES;
				CLANG_ANALYZER_NONNULL = YES;
				CLANG_ANALYZER_NUMBER_OBJECT_CONVERSION = YES_AGGRESSIVE;
				CLANG_CXX_LANGUAGE_STANDARD = "gnu++20";
				CLANG_ENABLE_MODULES = YES;
				CLANG_ENABLE_OBJC_ARC = YES;
				CLANG_ENABLE_OBJC_WEAK = YES;
				CLANG_WARN_BLOCK_CAPTURE_AUTORELEASING = YES;
				CLANG_WARN_BOOL_CONVERSION = YES;
				CLANG_WARN_COMMA = YES;
				CLANG_WARN_CONSTANT_CONVERSION = YES;
				CLANG_WARN_DEPRECATED_OBJC_IMPLEMENTATIONS = YES;
				CLANG_WARN_DIRECT_OBJC_ISA_USAGE = YES_ERROR;
				CLANG_WARN_DOCUMENTATION_COMMENTS = YES;
				CLANG_WARN_EMPTY_BODY = YES;
				CLANG_WARN_ENUM_CONVERSION = YES;
				CLANG_WARN_INFINITE_RECURSION = YES;
				CLANG_WARN_INT_CONVERSION = YES;
				CLANG_WARN_NON_LITERAL_NULL_CONVERSION = YES;
				CLANG_WARN_OBJC_IMPLICIT_RETAIN_SELF = YES;
				CLANG_WARN_OBJC_LITERAL_CONVERSION = YES;
				CLANG_WARN_OBJC_ROOT_CLASS = YES_ERROR;
				CLANG_WARN_QUOTED_INCLUDE_IN_FRAMEWORK_HEADER = YES;
				CLANG_WARN_RANGE_LOOP_ANALYSIS = YES;
				CLANG_WARN_STRICT_PROTOTYPES = YES;
				CLANG_WARN_SUSPICIOUS_MOVE = YES;
				CLANG_WARN_UNGUARDED_AVAILABILITY = YES_AGGRESSIVE;
				CLANG_WARN_UNREACHABLE_CODE = YES;
				CLANG_WARN__DUPLICATE_METHOD_MATCH = YES;
				COPY_PHASE_STRIP = NO;
				DEBUG_INFORMATION_FORMAT = "dwarf-with-dsym";
				ENABLE_NS_ASSERTIONS = NO;
				ENABLE_STRICT_OBJC_MSGSEND = YES;
				ENABLE_USER_SCRIPT_SANDBOXING = YES;
				GCC_C_LANGUAGE_STANDARD = gnu17;
				GCC_NO_COMMON_BLOCKS = YES;
				GCC_WARN_64_TO_32_BIT_CONVERSION = YES;
				GCC_WARN_ABOUT_RETURN_TYPE = YES_ERROR;
				GCC_WARN_UNDECLARED_SELECTOR = YES;
				GCC_WARN_UNINITIALIZED_AUTOS = YES_AGGRESSIVE;
				GCC_WARN_UNUSED_FUNCTION = YES;
				GCC_WARN_UNUSED_VARIABLE = YES;
				IPHONEOS_DEPLOYMENT_TARGET = 17.5;
				LOCALIZATION_PREFERS_STRING_CATALOGS = YES;
				MTL_ENABLE_DEBUG_INFO = NO;
				MTL_FAST_MATH = YES;
				SDKROOT = iphoneos;
				SWIFT_COMPILATION_MODE = wholemodule;
				VALIDATE_PRODUCT = YES;
			};
			name = Release;
		};
		56C478912DFB80F8001E91B4 /* Debug */ = {
			isa = XCBuildConfiguration;
			buildSettings = {
				ASSETCATALOG_COMPILER_APPICON_NAME = AppIcon;
				ASSETCATALOG_COMPILER_GLOBAL_ACCENT_COLOR_NAME = AccentColor;
				CODE_SIGN_STYLE = Automatic;
				CURRENT_PROJECT_VERSION = 1;
				DEVELOPMENT_ASSET_PATHS = "\"hapticstest/Preview Content\"";
				DEVELOPMENT_TEAM = NJU23KJ3RY;
				ENABLE_PREVIEWS = YES;
				GENERATE_INFOPLIST_FILE = YES;
				INFOPLIST_KEY_UIApplicationSceneManifest_Generation = YES;
				INFOPLIST_KEY_UIApplicationSupportsIndirectInputEvents = YES;
				INFOPLIST_KEY_UILaunchScreen_Generation = YES;
				INFOPLIST_KEY_UISupportedInterfaceOrientations_iPad = "UIInterfaceOrientationPortrait UIInterfaceOrientationPortraitUpsideDown UIInterfaceOrientationLandscapeLeft UIInterfaceOrientationLandscapeRight";
				INFOPLIST_KEY_UISupportedInterfaceOrientations_iPhone = "UIInterfaceOrientationPortrait UIInterfaceOrientationLandscapeLeft UIInterfaceOrientationLandscapeRight";
				LD_RUNPATH_SEARCH_PATHS = (
					"$(inherited)",
					"@executable_path/Frameworks",
				);
				MARKETING_VERSION = 1.0;
				PRODUCT_BUNDLE_IDENTIFIER = "Valerie-Williams.hapticstest";
				PRODUCT_NAME = "$(TARGET_NAME)";
				SWIFT_EMIT_LOC_STRINGS = YES;
				SWIFT_VERSION = 5.0;
				TARGETED_DEVICE_FAMILY = "1,2";
			};
			name = Debug;
		};
		56C478922DFB80F8001E91B4 /* Release */ = {
			isa = XCBuildConfiguration;
			buildSettings = {
				ASSETCATALOG_COMPILER_APPICON_NAME = AppIcon;
				ASSETCATALOG_COMPILER_GLOBAL_ACCENT_COLOR_NAME = AccentColor;
				CODE_SIGN_STYLE = Automatic;
				CURRENT_PROJECT_VERSION = 1;
				DEVELOPMENT_ASSET_PATHS = "\"hapticstest/Preview Content\"";
				DEVELOPMENT_TEAM = NJU23KJ3RY;
				ENABLE_PREVIEWS = YES;
				GENERATE_INFOPLIST_FILE = YES;
				INFOPLIST_KEY_UIApplicationSceneManifest_Generation = YES;
				INFOPLIST_KEY_UIApplicationSupportsIndirectInputEvents = YES;
				INFOPLIST_KEY_UILaunchScreen_Generation = YES;
				INFOPLIST_KEY_UISupportedInterfaceOrientations_iPad = "UIInterfaceOrientationPortrait UIInterfaceOrientationPortraitUpsideDown UIInterfaceOrientationLandscapeLeft UIInterfaceOrientationLandscapeRight";
				INFOPLIST_KEY_UISupportedInterfaceOrientations_iPhone = "UIInterfaceOrientationPortrait UIInterfaceOrientationLandscapeLeft UIInterfaceOrientationLandscapeRight";
				LD_RUNPATH_SEARCH_PATHS = (
					"$(inherited)",
					"@executable_path/Frameworks",
				);
				MARKETING_VERSION = 1.0;
				PRODUCT_BUNDLE_IDENTIFIER = "Valerie-Williams.hapticstest";
				PRODUCT_NAME = "$(TARGET_NAME)";
				SWIFT_EMIT_LOC_STRINGS = YES;
				SWIFT_VERSION = 5.0;
				TARGETED_DEVICE_FAMILY = "1,2";
			};
			name = Release;
		};
		56C478942DFB80F8001E91B4 /* Debug */ = {
			isa = XCBuildConfiguration;
			buildSettings = {
				ALWAYS_EMBED_SWIFT_STANDARD_LIBRARIES = YES;
				BUNDLE_LOADER = "$(TEST_HOST)";
				CODE_SIGN_STYLE = Automatic;
				CURRENT_PROJECT_VERSION = 1;
				DEVELOPMENT_TEAM = NJU23KJ3RY;
				GENERATE_INFOPLIST_FILE = YES;
				IPHONEOS_DEPLOYMENT_TARGET = 17.5;
				MARKETING_VERSION = 1.0;
				PRODUCT_BUNDLE_IDENTIFIER = "Valerie-Williams.hapticstestTests";
				PRODUCT_NAME = "$(TARGET_NAME)";
				SWIFT_EMIT_LOC_STRINGS = NO;
				SWIFT_VERSION = 5.0;
				TARGETED_DEVICE_FAMILY = "1,2";
				TEST_HOST = "$(BUILT_PRODUCTS_DIR)/hapticstest.app/$(BUNDLE_EXECUTABLE_FOLDER_PATH)/hapticstest";
			};
			name = Debug;
		};
		56C478952DFB80F8001E91B4 /* Release */ = {
			isa = XCBuildConfiguration;
			buildSettings = {
				ALWAYS_EMBED_SWIFT_STANDARD_LIBRARIES = YES;
				BUNDLE_LOADER = "$(TEST_HOST)";
				CODE_SIGN_STYLE = Automatic;
				CURRENT_PROJECT_VERSION = 1;
				DEVELOPMENT_TEAM = NJU23KJ3RY;
				GENERATE_INFOPLIST_FILE = YES;
				IPHONEOS_DEPLOYMENT_TARGET = 17.5;
				MARKETING_VERSION = 1.0;
				PRODUCT_BUNDLE_IDENTIFIER = "Valerie-Williams.hapticstestTests";
				PRODUCT_NAME = "$(TARGET_NAME)";
				SWIFT_EMIT_LOC_STRINGS = NO;
				SWIFT_VERSION = 5.0;
				TARGETED_DEVICE_FAMILY = "1,2";
				TEST_HOST = "$(BUILT_PRODUCTS_DIR)/hapticstest.app/$(BUNDLE_EXECUTABLE_FOLDER_PATH)/hapticstest";
			};
			name = Release;
		};
		56C478972DFB80F8001E91B4 /* Debug */ = {
			isa = XCBuildConfiguration;
			buildSettings = {
				ALWAYS_EMBED_SWIFT_STANDARD_LIBRARIES = YES;
				CODE_SIGN_STYLE = Automatic;
				CURRENT_PROJECT_VERSION = 1;
				DEVELOPMENT_TEAM = NJU23KJ3RY;
				GENERATE_INFOPLIST_FILE = YES;
				MARKETING_VERSION = 1.0;
				PRODUCT_BUNDLE_IDENTIFIER = "Valerie-Williams.hapticstestUITests";
				PRODUCT_NAME = "$(TARGET_NAME)";
				SWIFT_EMIT_LOC_STRINGS = NO;
				SWIFT_VERSION = 5.0;
				TARGETED_DEVICE_FAMILY = "1,2";
				TEST_TARGET_NAME = hapticstest;
			};
			name = Debug;
		};
		56C478982DFB80F8001E91B4 /* Release */ = {
			isa = XCBuildConfiguration;
			buildSettings = {
				ALWAYS_EMBED_SWIFT_STANDARD_LIBRARIES = YES;
				CODE_SIGN_STYLE = Automatic;
				CURRENT_PROJECT_VERSION = 1;
				DEVELOPMENT_TEAM = NJU23KJ3RY;
				GENERATE_INFOPLIST_FILE = YES;
				MARKETING_VERSION = 1.0;
				PRODUCT_BUNDLE_IDENTIFIER = "Valerie-Williams.hapticstestUITests";
				PRODUCT_NAME = "$(TARGET_NAME)";
				SWIFT_EMIT_LOC_STRINGS = NO;
				SWIFT_VERSION = 5.0;
				TARGETED_DEVICE_FAMILY = "1,2";
				TEST_TARGET_NAME = hapticstest;
			};
			name = Release;
		};
/* End XCBuildConfiguration section */

/* Begin XCConfigurationList section */
		56C478672DFB80F6001E91B4 /* Build configuration list for PBXProject "hapticstest" */ = {
			isa = XCConfigurationList;
			buildConfigurations = (
				56C4788E2DFB80F8001E91B4 /* Debug */,
				56C4788F2DFB80F8001E91B4 /* Release */,
			);
			defaultConfigurationIsVisible = 0;
			defaultConfigurationName = Release;
		};
		56C478902DFB80F8001E91B4 /* Build configuration list for PBXNativeTarget "hapticstest" */ = {
			isa = XCConfigurationList;
			buildConfigurations = (
				56C478912DFB80F8001E91B4 /* Debug */,
				56C478922DFB80F8001E91B4 /* Release */,
			);
			defaultConfigurationIsVisible = 0;
			defaultConfigurationName = Release;
		};
		56C478932DFB80F8001E91B4 /* Build configuration list for PBXNativeTarget "hapticstestTests" */ = {
			isa = XCConfigurationList;
			buildConfigurations = (
				56C478942DFB80F8001E91B4 /* Debug */,
				56C478952DFB80F8001E91B4 /* Release */,
			);
			defaultConfigurationIsVisible = 0;
			defaultConfigurationName = Release;
		};
		56C478962DFB80F8001E91B4 /* Build configuration list for PBXNativeTarget "hapticstestUITests" */ = {
			isa = XCConfigurationList;
			buildConfigurations = (
				56C478972DFB80F8001E91B4 /* Debug */,
				56C478982DFB80F8001E91B4 /* Release */,
			);
			defaultConfigurationIsVisible = 0;
			defaultConfigurationName = Release;
		};
/* End XCConfigurationList section */
	};
	rootObject = 56C478642DFB80F6001E91B4 /* Project object */;
}
